# @generated by Move, please check-in and do not edit manually.

[move]
version = 2
manifest_digest = "A08DB14003FBA6BEDC9DCB9B16092DF602D7D008E4125A9F6F0C815CD021FF7F"
deps_digest = "F8BBB0CCB2491CA29A3DF03D6F92277A4F3574266507ACD77214D37ECA3F3082"
dependencies = [
  { name = "Sui" },
]

[[move.package]]
name = "MoveStdlib"
source = { git = "https://github.com/MystenLabs/sui.git", rev = "framework/testnet", subdir = "crates/sui-framework/packages/move-stdlib" }

[[move.package]]
name = "Sui"
source = { git = "https://github.com/MystenLabs/sui.git", rev = "framework/testnet", subdir = "crates/sui-framework/packages/sui-framework" }

dependencies = [
  { name = "MoveStdlib" },
]

[move.toolchain-version]
compiler-version = "1.25.0"
edition = "2024.beta"
flavor = "sui"

[env]

[env.devnet]
chain-id = "b3f81552"
original-published-id = "0x2a36a08e058b11b6a22fb75adc471b657f6524a76b520c07598c9ae7901bc94c"
latest-published-id = "0x2a36a08e058b11b6a22fb75adc471b657f6524a76b520c07598c9ae7901bc94c"
published-version = "1"

[env.testnet]
chain-id = "4c78adac"
original-published-id = "0x957b160a2573861282f27a84a0e8f67ebcc20a0bb00f409d1d8988ebaaed45e7"
latest-published-id = "0x957b160a2573861282f27a84a0e8f67ebcc20a0bb00f409d1d8988ebaaed45e7"
published-version = "1"
